
Microsoft Visual Studio Solution File, Format Version 12.00
# Visual Studio Version 16
VisualStudioVersion = 16.0.31829.152
MinimumVisualStudioVersion = 10.0.40219.1
Project("{FAE04EC0-301F-11D3-BF4B-00C04F79EFBC}") = "LumiaSdk", "LumiaSdk.csproj", "{76A19D43-274E-4A0C-873A-F5F568A6B412}"
EndProject
Project("{9A19103F-16F7-4668-BE54-9A1E7A4F7556}") = "ExampleListen", "Examples\ExampleListen\ExampleListen.csproj", "{047045F7-B54C-4970-B1C8-23AC14C7C9D8}"
EndProject
Project("{9A19103F-16F7-4668-BE54-9A1E7A4F7556}") = "ExampleSendCommand", "Examples\ExampleSendCommand\ExampleSendCommand.csproj", "{490F4051-DDD5-49B3-BA2D-868AAB0F7760}"
EndProject
Project("{9A19103F-16F7-4668-BE54-9A1E7A4F7556}") = "FullExample", "Examples\FullExample\FullExample.csproj", "{6E6F5EA7-5212-4CB5-948C-DDB7E2D4767B}"
EndProject
Global
	GlobalSection(SolutionConfigurationPlatforms) = preSolution
		Debug|Any CPU = Debug|Any CPU
		Release|Any CPU = Release|Any CPU
	EndGlobalSection
	GlobalSection(ProjectConfigurationPlatforms) = postSolution
		{76A19D43-274E-4A0C-873A-F5F568A6B412}.Debug|Any CPU.ActiveCfg = Debug|Any CPU
		{76A19D43-274E-4A0C-873A-F5F568A6B412}.Debug|Any CPU.Build.0 = Debug|Any CPU
		{76A19D43-274E-4A0C-873A-F5F568A6B412}.Release|Any CPU.ActiveCfg = Release|Any CPU
		{76A19D43-274E-4A0C-873A-F5F568A6B412}.Release|Any CPU.Build.0 = Release|Any CPU
		{047045F7-B54C-4970-B1C8-23AC14C7C9D8}.Debug|Any CPU.ActiveCfg = Debug|Any CPU
		{047045F7-B54C-4970-B1C8-23AC14C7C9D8}.Debug|Any CPU.Build.0 = Debug|Any CPU
		{047045F7-B54C-4970-B1C8-23AC14C7C9D8}.Release|Any CPU.ActiveCfg = Release|Any CPU
		{047045F7-B54C-4970-B1C8-23AC14C7C9D8}.Release|Any CPU.Build.0 = Release|Any CPU
		{490F4051-DDD5-49B3-BA2D-868AAB0F7760}.Debug|Any CPU.ActiveCfg = Debug|Any CPU
		{490F4051-DDD5-49B3-BA2D-868AAB0F7760}.Debug|Any CPU.Build.0 = Debug|Any CPU
		{490F4051-DDD5-49B3-BA2D-868AAB0F7760}.Release|Any CPU.ActiveCfg = Release|Any CPU
		{490F4051-DDD5-49B3-BA2D-868AAB0F7760}.Release|Any CPU.Build.0 = Release|Any CPU
		{6E6F5EA7-5212-4CB5-948C-DDB7E2D4767B}.Debug|Any CPU.ActiveCfg = Debug|Any CPU
		{6E6F5EA7-5212-4CB5-948C-DDB7E2D4767B}.Debug|Any CPU.Build.0 = Debug|Any CPU
		{6E6F5EA7-5212-4CB5-948C-DDB7E2D4767B}.Release|Any CPU.ActiveCfg = Release|Any CPU
		{6E6F5EA7-5212-4CB5-948C-DDB7E2D4767B}.Release|Any CPU.Build.0 = Release|Any CPU
	EndGlobalSection
	GlobalSection(SolutionProperties) = preSolution
		HideSolutionNode = FALSE
	EndGlobalSection
	GlobalSection(ExtensibilityGlobals) = postSolution
		SolutionGuid = {093CD4CD-E450-45D2-8D8A-82309760C89F}
	EndGlobalSection
EndGlobal
